
Microsoft Visual Studio Solution File, Format Version 12.00
# Visual Studio 15
VisualStudioVersion = 15.0.26430.12
MinimumVisualStudioVersion = 10.0.40219.1
Project("{FAE04EC0-301F-11D3-BF4B-00C04F79EFBC}") = "SHPOT_BLL", "SHPOT_BLL\SHPOT_BLL.csproj", "{3CB453A2-525B-4D92-91F9-F60A3C774B08}"
EndProject
Project("{FAE04EC0-301F-11D3-BF4B-00C04F79EFBC}") = "SHPOT_DAL", "SHPOT_DAL\SHPOT_DAL.csproj", "{23FBD661-3ED6-4E71-A006-0E5A02CDDC86}"
EndProject
Project("{FAE04EC0-301F-11D3-BF4B-00C04F79EFBC}") = "SHPOT_ViewModel", "SHPOT_ViewModel\SHPOT_ViewModel.csproj", "{A2E879BA-D768-4370-9AFC-9908B83657F2}"
EndProject
Project("{FAE04EC0-301F-11D3-BF4B-00C04F79EFBC}") = "WebAPIApp", "WebAPIApp\WebAPIApp.csproj", "{F9D8D232-E6C1-47E6-829E-1EB9ACA8C224}"
EndProject
Global
	GlobalSection(SolutionConfigurationPlatforms) = preSolution
		Debug|Any CPU = Debug|Any CPU
		Release|Any CPU = Release|Any CPU
	EndGlobalSection
	GlobalSection(ProjectConfigurationPlatforms) = postSolution
		{3CB453A2-525B-4D92-91F9-F60A3C774B08}.Debug|Any CPU.ActiveCfg = Debug|Any CPU
		{3CB453A2-525B-4D92-91F9-F60A3C774B08}.Debug|Any CPU.Build.0 = Debug|Any CPU
		{3CB453A2-525B-4D92-91F9-F60A3C774B08}.Release|Any CPU.ActiveCfg = Release|Any CPU
		{3CB453A2-525B-4D92-91F9-F60A3C774B08}.Release|Any CPU.Build.0 = Release|Any CPU
		{23FBD661-3ED6-4E71-A006-0E5A02CDDC86}.Debug|Any CPU.ActiveCfg = Debug|Any CPU
		{23FBD661-3ED6-4E71-A006-0E5A02CDDC86}.Debug|Any CPU.Build.0 = Debug|Any CPU
		{23FBD661-3ED6-4E71-A006-0E5A02CDDC86}.Release|Any CPU.ActiveCfg = Release|Any CPU
		{23FBD661-3ED6-4E71-A006-0E5A02CDDC86}.Release|Any CPU.Build.0 = Release|Any CPU
		{A2E879BA-D768-4370-9AFC-9908B83657F2}.Debug|Any CPU.ActiveCfg = Debug|Any CPU
		{A2E879BA-D768-4370-9AFC-9908B83657F2}.Debug|Any CPU.Build.0 = Debug|Any CPU
		{A2E879BA-D768-4370-9AFC-9908B83657F2}.Release|Any CPU.ActiveCfg = Release|Any CPU
		{A2E879BA-D768-4370-9AFC-9908B83657F2}.Release|Any CPU.Build.0 = Release|Any CPU
		{F9D8D232-E6C1-47E6-829E-1EB9ACA8C224}.Debug|Any CPU.ActiveCfg = Debug|Any CPU
		{F9D8D232-E6C1-47E6-829E-1EB9ACA8C224}.Debug|Any CPU.Build.0 = Debug|Any CPU
		{F9D8D232-E6C1-47E6-829E-1EB9ACA8C224}.Release|Any CPU.ActiveCfg = Release|Any CPU
		{F9D8D232-E6C1-47E6-829E-1EB9ACA8C224}.Release|Any CPU.Build.0 = Release|Any CPU
	EndGlobalSection
	GlobalSection(SolutionProperties) = preSolution
		HideSolutionNode = FALSE
	EndGlobalSection
EndGlobal
